
Microsoft Visual Studio Solution File, Format Version 12.00
# Visual Studio Version 17
VisualStudioVersion = 17.4.33213.308
MinimumVisualStudioVersion = 10.0.40219.1
Project("{FAE04EC0-301F-11D3-BF4B-00C04F79EFBC}") = "MpExe.APP", "MpExe.APP\MpExe.APP.csproj", "{27840695-81CF-4847-A331-AEC8784812E9}"
EndProject
Global
	GlobalSection(SolutionConfigurationPlatforms) = preSolution
		Debug|Any CPU = Debug|Any CPU
		Release|Any CPU = Release|Any CPU
	EndGlobalSection
	GlobalSection(ProjectConfigurationPlatforms) = postSolution
		{27840695-81CF-4847-A331-AEC8784812E9}.Debug|Any CPU.ActiveCfg = Debug|Any CPU
		{27840695-81CF-4847-A331-AEC8784812E9}.Debug|Any CPU.Build.0 = Debug|Any CPU
		{27840695-81CF-4847-A331-AEC8784812E9}.Release|Any CPU.ActiveCfg = Release|Any CPU
		{27840695-81CF-4847-A331-AEC8784812E9}.Release|Any CPU.Build.0 = Release|Any CPU
	EndGlobalSection
	GlobalSection(SolutionProperties) = preSolution
		HideSolutionNode = FALSE
	EndGlobalSection
	GlobalSection(ExtensibilityGlobals) = postSolution
		SolutionGuid = {A1D969CD-8BBF-4F3A-8E87-A916C9144DE6}
	EndGlobalSection
EndGlobal
